// !$*UTF8*$!
{
	archiveVersion = 1;
	classes = {
	};
	objectVersion = 46;
	objects = {

/* Begin PBXBuildFile section */
		7D55E3041CF9AA5700C2D217 /* Main.storyboard in Resources */ = {isa = PBXBuildFile; fileRef = 7D55E3021CF9AA5700C2D217 /* Main.storyboard */; };
		7D55E3061CF9AA5700C2D217 /* Assets.xcassets in Resources */ = {isa = PBXBuildFile; fileRef = 7D55E3051CF9AA5700C2D217 /* Assets.xcassets */; };
		7D55E3091CF9AA5700C2D217 /* LaunchScreen.storyboard in Resources */ = {isa = PBXBuildFile; fileRef = 7D55E3071CF9AA5700C2D217 /* LaunchScreen.storyboard */; };
		7D55E3251CF9B68500C2D217 /* main.m in Sources */ = {isa = PBXBuildFile; fileRef = 7D55E31B1CF9B68500C2D217 /* main.m */; };
		7D55E3261CF9B6A200C2D217 /* AppDelegate.m in Sources */ = {isa = PBXBuildFile; fileRef = 7D55E2FD1CF9AA5700C2D217 /* AppDelegate.m */; };
		7D55E3401CF9BF5100C2D217 /* WBTabBarController.m in Sources */ = {isa = PBXBuildFile; fileRef = 7D55E33F1CF9BF5100C2D217 /* WBTabBarController.m */; };
		7D55E3431CF9BF8000C2D217 /* HomeTableViewController.m in Sources */ = {isa = PBXBuildFile; fileRef = 7D55E3421CF9BF8000C2D217 /* HomeTableViewController.m */; };
		7D55E3461CF9BF9700C2D217 /* MeViewController.m in Sources */ = {isa = PBXBuildFile; fileRef = 7D55E3451CF9BF9700C2D217 /* MeViewController.m */; };
		7D55E3491CF9BFA100C2D217 /* ShopViewController.m in Sources */ = {isa = PBXBuildFile; fileRef = 7D55E3481CF9BFA100C2D217 /* ShopViewController.m */; };
		7D55E34C1CF9BFAD00C2D217 /* WatchViewController.m in Sources */ = {isa = PBXBuildFile; fileRef = 7D55E34B1CF9BFAD00C2D217 /* WatchViewController.m */; };
/* End PBXBuildFile section */

/* Begin PBXFileReference section */
		7D55E2F61CF9AA5700C2D217 /* 01-fangWB.app */ = {isa = PBXFileReference; explicitFileType = wrapper.application; includeInIndex = 0; path = "01-fangWB.app"; sourceTree = BUILT_PRODUCTS_DIR; };
		7D55E2FC1CF9AA5700C2D217 /* AppDelegate.h */ = {isa = PBXFileReference; lastKnownFileType = sourcecode.c.h; path = AppDelegate.h; sourceTree = "<group>"; };
		7D55E2FD1CF9AA5700C2D217 /* AppDelegate.m */ = {isa = PBXFileReference; lastKnownFileType = sourcecode.c.objc; path = AppDelegate.m; sourceTree = "<group>"; };
		7D55E3031CF9AA5700C2D217 /* Base */ = {isa = PBXFileReference; lastKnownFileType = file.storyboard; name = Base; path = Base.lproj/Main.storyboard; sourceTree = "<group>"; };
		7D55E3051CF9AA5700C2D217 /* Assets.xcassets */ = {isa = PBXFileReference; lastKnownFileType = folder.assetcatalog; path = Assets.xcassets; sourceTree = "<group>"; };
		7D55E3081CF9AA5700C2D217 /* Base */ = {isa = PBXFileReference; lastKnownFileType = file.storyboard; name = Base; path = Base.lproj/LaunchScreen.storyboard; sourceTree = "<group>"; };
		7D55E31A1CF9B68500C2D217 /* Info.plist */ = {isa = PBXFileReference; fileEncoding = 4; lastKnownFileType = text.plist.xml; path = Info.plist; sourceTree = "<group>"; };
		7D55E31B1CF9B68500C2D217 /* main.m */ = {isa = PBXFileReference; fileEncoding = 4; lastKnownFileType = sourcecode.c.objc; path = main.m; sourceTree = "<group>"; };
		7D55E33E1CF9BF5100C2D217 /* WBTabBarController.h */ = {isa = PBXFileReference; fileEncoding = 4; lastKnownFileType = sourcecode.c.h; path = WBTabBarController.h; sourceTree = "<group>"; };
		7D55E33F1CF9BF5100C2D217 /* WBTabBarController.m */ = {isa = PBXFileReference; fileEncoding = 4; lastKnownFileType = sourcecode.c.objc; path = WBTabBarController.m; sourceTree = "<group>"; };
		7D55E3411CF9BF8000C2D217 /* HomeTableViewController.h */ = {isa = PBXFileReference; fileEncoding = 4; lastKnownFileType = sourcecode.c.h; path = HomeTableViewController.h; sourceTree = "<group>"; };
		7D55E3421CF9BF8000C2D217 /* HomeTableViewController.m */ = {isa = PBXFileReference; fileEncoding = 4; lastKnownFileType = sourcecode.c.objc; path = HomeTableViewController.m; sourceTree = "<group>"; };
		7D55E3441CF9BF9700C2D217 /* MeViewController.h */ = {isa = PBXFileReference; fileEncoding = 4; lastKnownFileType = sourcecode.c.h; path = MeViewController.h; sourceTree = "<group>"; };
		7D55E3451CF9BF9700C2D217 /* MeViewController.m */ = {isa = PBXFileReference; fileEncoding = 4; lastKnownFileType = sourcecode.c.objc; path = MeViewController.m; sourceTree = "<group>"; };
		7D55E3471CF9BFA100C2D217 /* ShopViewController.h */ = {isa = PBXFileReference; fileEncoding = 4; lastKnownFileType = sourcecode.c.h; path = ShopViewController.h; sourceTree = "<group>"; };
		7D55E3481CF9BFA100C2D217 /* ShopViewController.m */ = {isa = PBXFileReference; fileEncoding = 4; lastKnownFileType = sourcecode.c.objc; path = ShopViewController.m; sourceTree = "<group>"; };
		7D55E34A1CF9BFAD00C2D217 /* WatchViewController.h */ = {isa = PBXFileReference; fileEncoding = 4; lastKnownFileType = sourcecode.c.h; path = WatchViewController.h; sourceTree = "<group>"; };
		7D55E34B1CF9BFAD00C2D217 /* WatchViewController.m */ = {isa = PBXFileReference; fileEncoding = 4; lastKnownFileType = sourcecode.c.objc; path = WatchViewController.m; sourceTree = "<group>"; };
/* End PBXFileReference section */

/* Begin PBXFrameworksBuildPhase section */
		7D55E2F31CF9AA5700C2D217 /* Frameworks */ = {
			isa = PBXFrameworksBuildPhase;
			buildActionMask = 2147483647;
			files = (
			);
			runOnlyForDeploymentPostprocessing = 0;
		};
/* End PBXFrameworksBuildPhase section */

/* Begin PBXGroup section */
		7D55E2ED1CF9AA5700C2D217 = {
			isa = PBXGroup;
			children = (
				7D55E2F81CF9AA5700C2D217 /* 01-fangWB */,
				7D55E2F71CF9AA5700C2D217 /* Products */,
			);
			sourceTree = "<group>";
		};
		7D55E2F71CF9AA5700C2D217 /* Products */ = {
			isa = PBXGroup;
			children = (
				7D55E2F61CF9AA5700C2D217 /* 01-fangWB.app */,
			);
			name = Products;
			sourceTree = "<group>";
		};
		7D55E2F81CF9AA5700C2D217 /* 01-fangWB */ = {
			isa = PBXGroup;
			children = (
				7D55E3101CF9B68500C2D217 /* Classes */,
				7D55E2FC1CF9AA5700C2D217 /* AppDelegate.h */,
				7D55E2FD1CF9AA5700C2D217 /* AppDelegate.m */,
				7D55E3021CF9AA5700C2D217 /* Main.storyboard */,
				7D55E3051CF9AA5700C2D217 /* Assets.xcassets */,
				7D55E3071CF9AA5700C2D217 /* LaunchScreen.storyboard */,
				7D55E2F91CF9AA5700C2D217 /* Supporting Files */,
			);
			path = "01-fangWB";
			sourceTree = "<group>";
		};
		7D55E2F91CF9AA5700C2D217 /* Supporting Files */ = {
			isa = PBXGroup;
			children = (
			);
			name = "Supporting Files";
			sourceTree = "<group>";
		};
		7D55E3101CF9B68500C2D217 /* Classes */ = {
			isa = PBXGroup;
			children = (
				7D55E3371CF9BE2700C2D217 /* Main */,
				7D55E32F1CF9BE0D00C2D217 /* Home */,
				7D55E3331CF9BE0D00C2D217 /* Me */,
				7D55E3271CF9BE0300C2D217 /* Shop */,
				7D55E32B1CF9BE0300C2D217 /* Watch */,
				7D55E3191CF9B68500C2D217 /* Other */,
			);
			path = Classes;
			sourceTree = "<group>";
		};
		7D55E3191CF9B68500C2D217 /* Other */ = {
			isa = PBXGroup;
			children = (
				7D55E31A1CF9B68500C2D217 /* Info.plist */,
				7D55E31B1CF9B68500C2D217 /* main.m */,
			);
			path = Other;
			sourceTree = "<group>";
		};
		7D55E3271CF9BE0300C2D217 /* Shop */ = {
			isa = PBXGroup;
			children = (
				7D55E3281CF9BE0300C2D217 /* Controller */,
				7D55E3291CF9BE0300C2D217 /* Model */,
				7D55E32A1CF9BE0300C2D217 /* View */,
			);
			path = Shop;
			sourceTree = "<group>";
		};
		7D55E3281CF9BE0300C2D217 /* Controller */ = {
			isa = PBXGroup;
			children = (
				7D55E3471CF9BFA100C2D217 /* ShopViewController.h */,
				7D55E3481CF9BFA100C2D217 /* ShopViewController.m */,
			);
			path = Controller;
			sourceTree = "<group>";
		};
		7D55E3291CF9BE0300C2D217 /* Model */ = {
			isa = PBXGroup;
			children = (
			);
			path = Model;
			sourceTree = "<group>";
		};
		7D55E32A1CF9BE0300C2D217 /* View */ = {
			isa = PBXGroup;
			children = (
			);
			path = View;
			sourceTree = "<group>";
		};
		7D55E32B1CF9BE0300C2D217 /* Watch */ = {
			isa = PBXGroup;
			children = (
				7D55E32C1CF9BE0300C2D217 /* Controller */,
				7D55E32D1CF9BE0300C2D217 /* Model */,
				7D55E32E1CF9BE0300C2D217 /* View */,
			);
			path = Watch;
			sourceTree = "<group>";
		};
		7D55E32C1CF9BE0300C2D217 /* Controller */ = {
			isa = PBXGroup;
			children = (
				7D55E34A1CF9BFAD00C2D217 /* WatchViewController.h */,
				7D55E34B1CF9BFAD00C2D217 /* WatchViewController.m */,
			);
			path = Controller;
			sourceTree = "<group>";
		};
		7D55E32D1CF9BE0300C2D217 /* Model */ = {
			isa = PBXGroup;
			children = (
			);
			path = Model;
			sourceTree = "<group>";
		};
		7D55E32E1CF9BE0300C2D217 /* View */ = {
			isa = PBXGroup;
			children = (
			);
			path = View;
			sourceTree = "<group>";
		};
		7D55E32F1CF9BE0D00C2D217 /* Home */ = {
			isa = PBXGroup;
			children = (
				7D55E3301CF9BE0D00C2D217 /* Controller */,
				7D55E3311CF9BE0D00C2D217 /* Model */,
				7D55E3321CF9BE0D00C2D217 /* View */,
			);
			path = Home;
			sourceTree = "<group>";
		};
		7D55E3301CF9BE0D00C2D217 /* Controller */ = {
			isa = PBXGroup;
			children = (
				7D55E3411CF9BF8000C2D217 /* HomeTableViewController.h */,
				7D55E3421CF9BF8000C2D217 /* HomeTableViewController.m */,
			);
			path = Controller;
			sourceTree = "<group>";
		};
		7D55E3311CF9BE0D00C2D217 /* Model */ = {
			isa = PBXGroup;
			children = (
			);
			path = Model;
			sourceTree = "<group>";
		};
		7D55E3321CF9BE0D00C2D217 /* View */ = {
			isa = PBXGroup;
			children = (
			);
			path = View;
			sourceTree = "<group>";
		};
		7D55E3331CF9BE0D00C2D217 /* Me */ = {
			isa = PBXGroup;
			children = (
				7D55E3341CF9BE0D00C2D217 /* Controller */,
				7D55E3351CF9BE0D00C2D217 /* Model */,
				7D55E3361CF9BE0D00C2D217 /* View */,
			);
			path = Me;
			sourceTree = "<group>";
		};
		7D55E3341CF9BE0D00C2D217 /* Controller */ = {
			isa = PBXGroup;
			children = (
				7D55E3441CF9BF9700C2D217 /* MeViewController.h */,
				7D55E3451CF9BF9700C2D217 /* MeViewController.m */,
			);
			path = Controller;
			sourceTree = "<group>";
		};
		7D55E3351CF9BE0D00C2D217 /* Model */ = {
			isa = PBXGroup;
			children = (
			);
			path = Model;
			sourceTree = "<group>";
		};
		7D55E3361CF9BE0D00C2D217 /* View */ = {
			isa = PBXGroup;
			children = (
			);
			path = View;
			sourceTree = "<group>";
		};
		7D55E3371CF9BE2700C2D217 /* Main */ = {
			isa = PBXGroup;
			children = (
				7D55E3381CF9BE2700C2D217 /* Controller */,
				7D55E3391CF9BE2700C2D217 /* Model */,
				7D55E33A1CF9BE2700C2D217 /* View */,
			);
			path = Main;
			sourceTree = "<group>";
		};
		7D55E3381CF9BE2700C2D217 /* Controller */ = {
			isa = PBXGroup;
			children = (
				7D55E33E1CF9BF5100C2D217 /* WBTabBarController.h */,
				7D55E33F1CF9BF5100C2D217 /* WBTabBarController.m */,
			);
			path = Controller;
			sourceTree = "<group>";
		};
		7D55E3391CF9BE2700C2D217 /* Model */ = {
			isa = PBXGroup;
			children = (
			);
			path = Model;
			sourceTree = "<group>";
		};
		7D55E33A1CF9BE2700C2D217 /* View */ = {
			isa = PBXGroup;
			children = (
			);
			path = View;
			sourceTree = "<group>";
		};
/* End PBXGroup section */

/* Begin PBXNativeTarget section */
		7D55E2F51CF9AA5700C2D217 /* 01-fangWB */ = {
			isa = PBXNativeTarget;
			buildConfigurationList = 7D55E30D1CF9AA5700C2D217 /* Build configuration list for PBXNativeTarget "01-fangWB" */;
			buildPhases = (
				7D55E2F21CF9AA5700C2D217 /* Sources */,
				7D55E2F31CF9AA5700C2D217 /* Frameworks */,
				7D55E2F41CF9AA5700C2D217 /* Resources */,
			);
			buildRules = (
			);
			dependencies = (
			);
			name = "01-fangWB";
			productName = "01-fangWB";
			productReference = 7D55E2F61CF9AA5700C2D217 /* 01-fangWB.app */;
			productType = "com.apple.product-type.application";
		};
/* End PBXNativeTarget section */

/* Begin PBXProject section */
		7D55E2EE1CF9AA5700C2D217 /* Project object */ = {
			isa = PBXProject;
			attributes = {
				LastUpgradeCheck = 0720;
				ORGANIZATIONNAME = xiaomage;
				TargetAttributes = {
					7D55E2F51CF9AA5700C2D217 = {
						CreatedOnToolsVersion = 7.2.1;
						DevelopmentTeam = UGDEUH5S7Z;
					};
				};
			};
			buildConfigurationList = 7D55E2F11CF9AA5700C2D217 /* Build configuration list for PBXProject "01-fangWB" */;
			compatibilityVersion = "Xcode 3.2";
			developmentRegion = English;
			hasScannedForEncodings = 0;
			knownRegions = (
				en,
				Base,
			);
			mainGroup = 7D55E2ED1CF9AA5700C2D217;
			productRefGroup = 7D55E2F71CF9AA5700C2D217 /* Products */;
			projectDirPath = "";
			projectRoot = "";
			targets = (
				7D55E2F51CF9AA5700C2D217 /* 01-fangWB */,
			);
		};
/* End PBXProject section */

/* Begin PBXResourcesBuildPhase section */
		7D55E2F41CF9AA5700C2D217 /* Resources */ = {
			isa = PBXResourcesBuildPhase;
			buildActionMask = 2147483647;
			files = (
				7D55E3091CF9AA5700C2D217 /* LaunchScreen.storyboard in Resources */,
				7D55E3061CF9AA5700C2D217 /* Assets.xcassets in Resources */,
				7D55E3041CF9AA5700C2D217 /* Main.storyboard in Resources */,
			);
			runOnlyForDeploymentPostprocessing = 0;
		};
/* End PBXResourcesBuildPhase section */

/* Begin PBXSourcesBuildPhase section */
		7D55E2F21CF9AA5700C2D217 /* Sources */ = {
			isa = PBXSourcesBuildPhase;
			buildActionMask = 2147483647;
			files = (
				7D55E3431CF9BF8000C2D217 /* HomeTableViewController.m in Sources */,
				7D55E3261CF9B6A200C2D217 /* AppDelegate.m in Sources */,
				7D55E34C1CF9BFAD00C2D217 /* WatchViewController.m in Sources */,
				7D55E3251CF9B68500C2D217 /* main.m in Sources */,
				7D55E3401CF9BF5100C2D217 /* WBTabBarController.m in Sources */,
				7D55E3491CF9BFA100C2D217 /* ShopViewController.m in Sources */,
				7D55E3461CF9BF9700C2D217 /* MeViewController.m in Sources */,
			);
			runOnlyForDeploymentPostprocessing = 0;
		};
/* End PBXSourcesBuildPhase section */

/* Begin PBXVariantGroup section */
		7D55E3021CF9AA5700C2D217 /* Main.storyboard */ = {
			isa = PBXVariantGroup;
			children = (
				7D55E3031CF9AA5700C2D217 /* Base */,
			);
			name = Main.storyboard;
			sourceTree = "<group>";
		};
		7D55E3071CF9AA5700C2D217 /* LaunchScreen.storyboard */ = {
			isa = PBXVariantGroup;
			children = (
				7D55E3081CF9AA5700C2D217 /* Base */,
			);
			name = LaunchScreen.storyboard;
			sourceTree = "<group>";
		};
/* End PBXVariantGroup section */

/* Begin XCBuildConfiguration section */
		7D55E30B1CF9AA5700C2D217 /* Debug */ = {
			isa = XCBuildConfiguration;
			buildSettings = {
				ALWAYS_SEARCH_USER_PATHS = NO;
				CLANG_CXX_LANGUAGE_STANDARD = "gnu++0x";
				CLANG_CXX_LIBRARY = "libc++";
				CLANG_ENABLE_MODULES = YES;
				CLANG_ENABLE_OBJC_ARC = YES;
				CLANG_WARN_BOOL_CONVERSION = YES;
				CLANG_WARN_CONSTANT_CONVERSION = YES;
				CLANG_WARN_DIRECT_OBJC_ISA_USAGE = YES_ERROR;
				CLANG_WARN_EMPTY_BODY = YES;
				CLANG_WARN_ENUM_CONVERSION = YES;
				CLANG_WARN_INT_CONVERSION = YES;
				CLANG_WARN_OBJC_ROOT_CLASS = YES_ERROR;
				CLANG_WARN_UNREACHABLE_CODE = YES;
				CLANG_WARN__DUPLICATE_METHOD_MATCH = YES;
				"CODE_SIGN_IDENTITY[sdk=iphoneos*]" = "iPhone Developer";
				COPY_PHASE_STRIP = NO;
				DEBUG_INFORMATION_FORMAT = dwarf;
				ENABLE_STRICT_OBJC_MSGSEND = YES;
				ENABLE_TESTABILITY = YES;
				GCC_C_LANGUAGE_STANDARD = gnu99;
				GCC_DYNAMIC_NO_PIC = NO;
				GCC_NO_COMMON_BLOCKS = YES;
				GCC_OPTIMIZATION_LEVEL = 0;
				GCC_PREPROCESSOR_DEFINITIONS = (
					"DEBUG=1",
					"$(inherited)",
				);
				GCC_WARN_64_TO_32_BIT_CONVERSION = YES;
				GCC_WARN_ABOUT_RETURN_TYPE = YES_ERROR;
				GCC_WARN_UNDECLARED_SELECTOR = YES;
				GCC_WARN_UNINITIALIZED_AUTOS = YES_AGGRESSIVE;
				GCC_WARN_UNUSED_FUNCTION = YES;
				GCC_WARN_UNUSED_VARIABLE = YES;
				IPHONEOS_DEPLOYMENT_TARGET = 9.2;
				MTL_ENABLE_DEBUG_INFO = YES;
				ONLY_ACTIVE_ARCH = YES;
				SDKROOT = iphoneos;
			};
			name = Debug;
		};
		7D55E30C1CF9AA5700C2D217 /* Release */ = {
			isa = XCBuildConfiguration;
			buildSettings = {
				ALWAYS_SEARCH_USER_PATHS = NO;
				CLANG_CXX_LANGUAGE_STANDARD = "gnu++0x";
				CLANG_CXX_LIBRARY = "libc++";
				CLANG_ENABLE_MODULES = YES;
				CLANG_ENABLE_OBJC_ARC = YES;
				CLANG_WARN_BOOL_CONVERSION = YES;
				CLANG_WARN_CONSTANT_CONVERSION = YES;
				CLANG_WARN_DIRECT_OBJC_ISA_USAGE = YES_ERROR;
				CLANG_WARN_EMPTY_BODY = YES;
				CLANG_WARN_ENUM_CONVERSION = YES;
				CLANG_WARN_INT_CONVERSION = YES;
				CLANG_WARN_OBJC_ROOT_CLASS = YES_ERROR;
				CLANG_WARN_UNREACHABLE_CODE = YES;
				CLANG_WARN__DUPLICATE_METHOD_MATCH = YES;
				"CODE_SIGN_IDENTITY[sdk=iphoneos*]" = "iPhone Developer";
				COPY_PHASE_STRIP = NO;
				DEBUG_INFORMATION_FORMAT = "dwarf-with-dsym";
				ENABLE_NS_ASSERTIONS = NO;
				ENABLE_STRICT_OBJC_MSGSEND = YES;
				GCC_C_LANGUAGE_STANDARD = gnu99;
				GCC_NO_COMMON_BLOCKS = YES;
				GCC_WARN_64_TO_32_BIT_CONVERSION = YES;
				GCC_WARN_ABOUT_RETURN_TYPE = YES_ERROR;
				GCC_WARN_UNDECLARED_SELECTOR = YES;
				GCC_WARN_UNINITIALIZED_AUTOS = YES_AGGRESSIVE;
				GCC_WARN_UNUSED_FUNCTION = YES;
				GCC_WARN_UNUSED_VARIABLE = YES;
				IPHONEOS_DEPLOYMENT_TARGET = 9.2;
				MTL_ENABLE_DEBUG_INFO = NO;
				SDKROOT = iphoneos;
				VALIDATE_PRODUCT = YES;
			};
			name = Release;
		};
		7D55E30E1CF9AA5700C2D217 /* Debug */ = {
			isa = XCBuildConfiguration;
			buildSettings = {
				ASSETCATALOG_COMPILER_APPICON_NAME = AppIcon;
				ASSETCATALOG_COMPILER_LAUNCHIMAGE_NAME = "Brand Assets";
				INFOPLIST_FILE = "$(SRCROOT)/01-fangWB/Classes/Other/Info.plist";
				IPHONEOS_DEPLOYMENT_TARGET = 7.0;
				LD_RUNPATH_SEARCH_PATHS = "$(inherited) @executable_path/Frameworks";
				PRODUCT_BUNDLE_IDENTIFIER = "com.520it.-1-fangWB";
				PRODUCT_NAME = "$(TARGET_NAME)";
			};
			name = Debug;
		};
		7D55E30F1CF9AA5700C2D217 /* Release */ = {
			isa = XCBuildConfiguration;
			buildSettings = {
				ASSETCATALOG_COMPILER_APPICON_NAME = AppIcon;
				ASSETCATALOG_COMPILER_LAUNCHIMAGE_NAME = "Brand Assets";
				INFOPLIST_FILE = "$(SRCROOT)/01-fangWB/Classes/Other/Info.plist";
				IPHONEOS_DEPLOYMENT_TARGET = 7.0;
				LD_RUNPATH_SEARCH_PATHS = "$(inherited) @executable_path/Frameworks";
				PRODUCT_BUNDLE_IDENTIFIER = "com.520it.-1-fangWB";
				PRODUCT_NAME = "$(TARGET_NAME)";
			};
			name = Release;
		};
/* End XCBuildConfiguration section */

/* Begin XCConfigurationList section */
		7D55E2F11CF9AA5700C2D217 /* Build configuration list for PBXProject "01-fangWB" */ = {
			isa = XCConfigurationList;
			buildConfigurations = (
				7D55E30B1CF9AA5700C2D217 /* Debug */,
				7D55E30C1CF9AA5700C2D217 /* Release */,
			);
			defaultConfigurationIsVisible = 0;
			defaultConfigurationName = Release;
		};
		7D55E30D1CF9AA5700C2D217 /* Build configuration list for PBXNativeTarget "01-fangWB" */ = {
			isa = XCConfigurationList;
			buildConfigurations = (
				7D55E30E1CF9AA5700C2D217 /* Debug */,
				7D55E30F1CF9AA5700C2D217 /* Release */,
			);
			defaultConfigurationIsVisible = 0;
			defaultConfigurationName = Release;
		};
/* End XCConfigurationList section */
	};
	rootObject = 7D55E2EE1CF9AA5700C2D217 /* Project object */;
}
